<?xml version="1.0" encoding="utf-8"?>
<Project ToolsVersion="4.0" xmlns="http://schemas.microsoft.com/developer/msbuild/2003">
  <ItemGroup>
    <Filter Include="Source Files">
      <UniqueIdentifier>{4FC737F1-C7A5-4376-A066-2A32D752A2FF}</UniqueIdentifier>
      <Extensions>cpp;c;cc;cxx;def;odl;idl;hpj;bat;asm;asmx</Extensions>
    </Filter>
    <Filter Include="Source Files\Lgi">
      <UniqueIdentifier>{4e89080a-44ce-4c02-89fb-08ad03c093ec}</UniqueIdentifier>
    </Filter>
  </ItemGroup>
  <ItemGroup>
    <ClCompile Include="Main.cpp">
      <Filter>Source Files</Filter>
    </ClCompile>
    <ClCompile Include="..\..\..\..\Lgi\trunk\src\common\Gdc2\Tools\GdcTools.cpp">
      <Filter>Source Files\Lgi</Filter>
    </ClCompile>
    <ClCompile Include="..\..\..\..\Lgi\trunk\src\common\Lgi\LgiMain.cpp">
      <Filter>Source Files\Lgi</Filter>
    </ClCompile>
    <ClCompile Include="..\..\..\..\Lgi\trunk\src\common\Net\Http.cpp">
      <Filter>Source Files</Filter>
    </ClCompile>
    <ClCompile Include="..\..\..\..\Lgi\trunk\src\common\Net\OpenSSLSocket.cpp">
      <Filter>Source Files</Filter>
    </ClCompile>
    <ClCompile Include="..\..\..\..\Lgi\trunk\src\common\Text\Html.cpp">
      <Filter>Source Files</Filter>
    </ClCompile>
    <ClCompile Include="..\..\..\..\Lgi\trunk\src\common\Text\HtmlCommon.cpp">
      <Filter>Source Files</Filter>
    </ClCompile>
    <ClCompile Include="..\..\..\..\Lgi\trunk\src\common\Text\HtmlParser.cpp">
      <Filter>Source Files</Filter>
    </ClCompile>
    <ClCompile Include="..\..\..\..\Lgi\trunk\src\common\Text\Homoglyphs\Homoglyphs.cpp">
      <Filter>Source Files\Lgi</Filter>
    </ClCompile>
    <ClCompile Include="..\..\..\..\Lgi\trunk\src\common\Text\Homoglyphs\HomoglyphsTable.cpp">
      <Filter>Source Files\Lgi</Filter>
    </ClCompile>
  </ItemGroup>
  <ItemGroup>
    <Manifest Include="EmojiMapper.manifest">
      <Filter>Source Files\Lgi</Filter>
    </Manifest>
  </ItemGroup>
</Project>